{
  "name": "cse-135",
  "version": "1.0.0",
  "lockfileVersion": 1,
  "requires": true,
  "dependencies": {
    "logrocket": {
      "version": "1.0.16",
      "resolved": "https://registry.npmjs.org/logrocket/-/logrocket-1.0.16.tgz",
      "integrity": "sha512-w+yOChUaHAlgJZWrq/MtGktixqRv7XEui/ZkpgY2u+3n3t3i/w3umzW86q9AAQPrABsjLzQ578+yt52ZpaE27A=="
    }
  }
}
